
Microsoft Visual Studio Solution File, Format Version 12.00
# Visual Studio Version 17
VisualStudioVersion = 17.1.32210.238
MinimumVisualStudioVersion = 10.0.40219.1
Project("{FAE04EC0-301F-11D3-BF4B-00C04F79EFBC}") = "microsoftlearnsample", "microsoftlearnsample\microsoftlearnsample.csproj", "{48BD97EC-536D-40D8-B924-D038DD086253}"
EndProject
Global
	GlobalSection(SolutionConfigurationPlatforms) = preSolution
		Debug|Any CPU = Debug|Any CPU
		Release|Any CPU = Release|Any CPU
	EndGlobalSection
	GlobalSection(ProjectConfigurationPlatforms) = postSolution
		{48BD97EC-536D-40D8-B924-D038DD086253}.Debug|Any CPU.ActiveCfg = Debug|Any CPU
		{48BD97EC-536D-40D8-B924-D038DD086253}.Debug|Any CPU.Build.0 = Debug|Any CPU
		{48BD97EC-536D-40D8-B924-D038DD086253}.Release|Any CPU.ActiveCfg = Release|Any CPU
		{48BD97EC-536D-40D8-B924-D038DD086253}.Release|Any CPU.Build.0 = Release|Any CPU
	EndGlobalSection
	GlobalSection(SolutionProperties) = preSolution
		HideSolutionNode = FALSE
	EndGlobalSection
	GlobalSection(ExtensibilityGlobals) = postSolution
		SolutionGuid = {933BDCB3-B9D1-41AE-B21B-D64F5ECED841}
	EndGlobalSection
EndGlobal
